// !$*UTF8*$!
{
	archiveVersion = 1;
	classes = {
	};
	objectVersion = 50;
	objects = {

/* Begin PBXBuildFile section */
		6435865324EAD05700A1884B /* AppDelegate.swift in Sources */ = {isa = PBXBuildFile; fileRef = 6435865224EAD05700A1884B /* AppDelegate.swift */; };
		6435865524EAD05700A1884B /* SceneDelegate.swift in Sources */ = {isa = PBXBuildFile; fileRef = 6435865424EAD05700A1884B /* SceneDelegate.swift */; };
		6435865724EAD05700A1884B /* ContentView.swift in Sources */ = {isa = PBXBuildFile; fileRef = 6435865624EAD05700A1884B /* ContentView.swift */; };
		6435865924EAD05800A1884B /* Assets.xcassets in Resources */ = {isa = PBXBuildFile; fileRef = 6435865824EAD05800A1884B /* Assets.xcassets */; };
		6435865C24EAD05800A1884B /* Preview Assets.xcassets in Resources */ = {isa = PBXBuildFile; fileRef = 6435865B24EAD05800A1884B /* Preview Assets.xcassets */; };
		6435865F24EAD05800A1884B /* LaunchScreen.storyboard in Resources */ = {isa = PBXBuildFile; fileRef = 6435865D24EAD05800A1884B /* LaunchScreen.storyboard */; };
		6435866724EAD42000A1884B /* TopNavBarView.swift in Sources */ = {isa = PBXBuildFile; fileRef = 6435866624EAD42000A1884B /* TopNavBarView.swift */; };
		6435866A24EAD4AC00A1884B /* CardView.swift in Sources */ = {isa = PBXBuildFile; fileRef = 6435866924EAD4AC00A1884B /* CardView.swift */; };
		6435866C24EAD6D800A1884B /* InfoView.swift in Sources */ = {isa = PBXBuildFile; fileRef = 6435866B24EAD6D800A1884B /* InfoView.swift */; };
		6435867124EADA0400A1884B /* Info.swift in Sources */ = {isa = PBXBuildFile; fileRef = 6435867024EADA0400A1884B /* Info.swift */; };
		6435867324EAEB9A00A1884B /* README.md in Resources */ = {isa = PBXBuildFile; fileRef = 6435867224EAEB9A00A1884B /* README.md */; };
/* End PBXBuildFile section */

/* Begin PBXFileReference section */
		6435864F24EAD05700A1884B /* WalletAppExploration.app */ = {isa = PBXFileReference; explicitFileType = wrapper.application; includeInIndex = 0; path = WalletAppExploration.app; sourceTree = BUILT_PRODUCTS_DIR; };
		6435865224EAD05700A1884B /* AppDelegate.swift */ = {isa = PBXFileReference; lastKnownFileType = sourcecode.swift; path = AppDelegate.swift; sourceTree = "<group>"; };
		6435865424EAD05700A1884B /* SceneDelegate.swift */ = {isa = PBXFileReference; lastKnownFileType = sourcecode.swift; path = SceneDelegate.swift; sourceTree = "<group>"; };
		6435865624EAD05700A1884B /* ContentView.swift */ = {isa = PBXFileReference; lastKnownFileType = sourcecode.swift; path = ContentView.swift; sourceTree = "<group>"; };
		6435865824EAD05800A1884B /* Assets.xcassets */ = {isa = PBXFileReference; lastKnownFileType = folder.assetcatalog; path = Assets.xcassets; sourceTree = "<group>"; };
		6435865B24EAD05800A1884B /* Preview Assets.xcassets */ = {isa = PBXFileReference; lastKnownFileType = folder.assetcatalog; path = "Preview Assets.xcassets"; sourceTree = "<group>"; };
		6435865E24EAD05800A1884B /* Base */ = {isa = PBXFileReference; lastKnownFileType = file.storyboard; name = Base; path = Base.lproj/LaunchScreen.storyboard; sourceTree = "<group>"; };
		6435866024EAD05800A1884B /* Info.plist */ = {isa = PBXFileReference; lastKnownFileType = text.plist.xml; path = Info.plist; sourceTree = "<group>"; };
		6435866624EAD42000A1884B /* TopNavBarView.swift */ = {isa = PBXFileReference; lastKnownFileType = sourcecode.swift; path = TopNavBarView.swift; sourceTree = "<group>"; };
		6435866924EAD4AC00A1884B /* CardView.swift */ = {isa = PBXFileReference; lastKnownFileType = sourcecode.swift; path = CardView.swift; sourceTree = "<group>"; };
		6435866B24EAD6D800A1884B /* InfoView.swift */ = {isa = PBXFileReference; lastKnownFileType = sourcecode.swift; path = InfoView.swift; sourceTree = "<group>"; };
		6435867024EADA0400A1884B /* Info.swift */ = {isa = PBXFileReference; lastKnownFileType = sourcecode.swift; path = Info.swift; sourceTree = "<group>"; };
		6435867224EAEB9A00A1884B /* README.md */ = {isa = PBXFileReference; lastKnownFileType = net.daringfireball.markdown; path = README.md; sourceTree = "<group>"; };
/* End PBXFileReference section */

/* Begin PBXFrameworksBuildPhase section */
		6435864C24EAD05700A1884B /* Frameworks */ = {
			isa = PBXFrameworksBuildPhase;
			buildActionMask = 2147483647;
			files = (
			);
			runOnlyForDeploymentPostprocessing = 0;
		};
/* End PBXFrameworksBuildPhase section */

/* Begin PBXGroup section */
		6435864624EAD05700A1884B = {
			isa = PBXGroup;
			children = (
				6435867224EAEB9A00A1884B /* README.md */,
				6435865124EAD05700A1884B /* WalletAppExploration */,
				6435865024EAD05700A1884B /* Products */,
			);
			sourceTree = "<group>";
		};
		6435865024EAD05700A1884B /* Products */ = {
			isa = PBXGroup;
			children = (
				6435864F24EAD05700A1884B /* WalletAppExploration.app */,
			);
			name = Products;
			sourceTree = "<group>";
		};
		6435865124EAD05700A1884B /* WalletAppExploration */ = {
			isa = PBXGroup;
			children = (
				6435865224EAD05700A1884B /* AppDelegate.swift */,
				6435865424EAD05700A1884B /* SceneDelegate.swift */,
				6435866824EAD42700A1884B /* Views */,
				6435866D24EAD9E200A1884B /* Models */,
				6435865624EAD05700A1884B /* ContentView.swift */,
				6435865824EAD05800A1884B /* Assets.xcassets */,
				6435865D24EAD05800A1884B /* LaunchScreen.storyboard */,
				6435866024EAD05800A1884B /* Info.plist */,
				6435865A24EAD05800A1884B /* Preview Content */,
			);
			path = WalletAppExploration;
			sourceTree = "<group>";
		};
		6435865A24EAD05800A1884B /* Preview Content */ = {
			isa = PBXGroup;
			children = (
				6435865B24EAD05800A1884B /* Preview Assets.xcassets */,
			);
			path = "Preview Content";
			sourceTree = "<group>";
		};
		6435866824EAD42700A1884B /* Views */ = {
			isa = PBXGroup;
			children = (
				6435866924EAD4AC00A1884B /* CardView.swift */,
				6435866624EAD42000A1884B /* TopNavBarView.swift */,
				6435866B24EAD6D800A1884B /* InfoView.swift */,
			);
			path = Views;
			sourceTree = "<group>";
		};
		6435866D24EAD9E200A1884B /* Models */ = {
			isa = PBXGroup;
			children = (
				6435867024EADA0400A1884B /* Info.swift */,
			);
			path = Models;
			sourceTree = "<group>";
		};
/* End PBXGroup section */

/* Begin PBXNativeTarget section */
		6435864E24EAD05700A1884B /* WalletAppExploration */ = {
			isa = PBXNativeTarget;
			buildConfigurationList = 6435866324EAD05800A1884B /* Build configuration list for PBXNativeTarget "WalletAppExploration" */;
			buildPhases = (
				6435864B24EAD05700A1884B /* Sources */,
				6435864C24EAD05700A1884B /* Frameworks */,
				6435864D24EAD05700A1884B /* Resources */,
			);
			buildRules = (
			);
			dependencies = (
			);
			name = WalletAppExploration;
			productName = WalletAppExploration;
			productReference = 6435864F24EAD05700A1884B /* WalletAppExploration.app */;
			productType = "com.apple.product-type.application";
		};
/* End PBXNativeTarget section */

/* Begin PBXProject section */
		6435864724EAD05700A1884B /* Project object */ = {
			isa = PBXProject;
			attributes = {
				LastSwiftUpdateCheck = 1160;
				LastUpgradeCheck = 1160;
				ORGANIZATIONNAME = "Raphael Cerqueira";
				TargetAttributes = {
					6435864E24EAD05700A1884B = {
						CreatedOnToolsVersion = 11.6;
					};
				};
			};
			buildConfigurationList = 6435864A24EAD05700A1884B /* Build configuration list for PBXProject "WalletAppExploration" */;
			compatibilityVersion = "Xcode 9.3";
			developmentRegion = en;
			hasScannedForEncodings = 0;
			knownRegions = (
				en,
				Base,
			);
			mainGroup = 6435864624EAD05700A1884B;
			productRefGroup = 6435865024EAD05700A1884B /* Products */;
			projectDirPath = "";
			projectRoot = "";
			targets = (
				6435864E24EAD05700A1884B /* WalletAppExploration */,
			);
		};
/* End PBXProject section */

/* Begin PBXResourcesBuildPhase section */
		6435864D24EAD05700A1884B /* Resources */ = {
			isa = PBXResourcesBuildPhase;
			buildActionMask = 2147483647;
			files = (
				6435865F24EAD05800A1884B /* LaunchScreen.storyboard in Resources */,
				6435865C24EAD05800A1884B /* Preview Assets.xcassets in Resources */,
				6435867324EAEB9A00A1884B /* README.md in Resources */,
				6435865924EAD05800A1884B /* Assets.xcassets in Resources */,
			);
			runOnlyForDeploymentPostprocessing = 0;
		};
/* End PBXResourcesBuildPhase section */

/* Begin PBXSourcesBuildPhase section */
		6435864B24EAD05700A1884B /* Sources */ = {
			isa = PBXSourcesBuildPhase;
			buildActionMask = 2147483647;
			files = (
				6435865324EAD05700A1884B /* AppDelegate.swift in Sources */,
				6435865524EAD05700A1884B /* SceneDelegate.swift in Sources */,
				6435866724EAD42000A1884B /* TopNavBarView.swift in Sources */,
				6435865724EAD05700A1884B /* ContentView.swift in Sources */,
				6435866C24EAD6D800A1884B /* InfoView.swift in Sources */,
				6435866A24EAD4AC00A1884B /* CardView.swift in Sources */,
				6435867124EADA0400A1884B /* Info.swift in Sources */,
			);
			runOnlyForDeploymentPostprocessing = 0;
		};
/* End PBXSourcesBuildPhase section */

/* Begin PBXVariantGroup section */
		6435865D24EAD05800A1884B /* LaunchScreen.storyboard */ = {
			isa = PBXVariantGroup;
			children = (
				6435865E24EAD05800A1884B /* Base */,
			);
			name = LaunchScreen.storyboard;
			sourceTree = "<group>";
		};
/* End PBXVariantGroup section */

/* Begin XCBuildConfiguration section */
		6435866124EAD05800A1884B /* Debug */ = {
			isa = XCBuildConfiguration;
			buildSettings = {
				ALWAYS_SEARCH_USER_PATHS = NO;
				CLANG_ANALYZER_NONNULL = YES;
				CLANG_ANALYZER_NUMBER_OBJECT_CONVERSION = YES_AGGRESSIVE;
				CLANG_CXX_LANGUAGE_STANDARD = "gnu++14";
				CLANG_CXX_LIBRARY = "libc++";
				CLANG_ENABLE_MODULES = YES;
				CLANG_ENABLE_OBJC_ARC = YES;
				CLANG_ENABLE_OBJC_WEAK = YES;
				CLANG_WARN_BLOCK_CAPTURE_AUTORELEASING = YES;
				CLANG_WARN_BOOL_CONVERSION = YES;
				CLANG_WARN_COMMA = YES;
				CLANG_WARN_CONSTANT_CONVERSION = YES;
				CLANG_WARN_DEPRECATED_OBJC_IMPLEMENTATIONS = YES;
				CLANG_WARN_DIRECT_OBJC_ISA_USAGE = YES_ERROR;
				CLANG_WARN_DOCUMENTATION_COMMENTS = YES;
				CLANG_WARN_EMPTY_BODY = YES;
				CLANG_WARN_ENUM_CONVERSION = YES;
				CLANG_WARN_INFINITE_RECURSION = YES;
				CLANG_WARN_INT_CONVERSION = YES;
				CLANG_WARN_NON_LITERAL_NULL_CONVERSION = YES;
				CLANG_WARN_OBJC_IMPLICIT_RETAIN_SELF = YES;
				CLANG_WARN_OBJC_LITERAL_CONVERSION = YES;
				CLANG_WARN_OBJC_ROOT_CLASS = YES_ERROR;
				CLANG_WARN_RANGE_LOOP_ANALYSIS = YES;
				CLANG_WARN_STRICT_PROTOTYPES = YES;
				CLANG_WARN_SUSPICIOUS_MOVE = YES;
				CLANG_WARN_UNGUARDED_AVAILABILITY = YES_AGGRESSIVE;
				CLANG_WARN_UNREACHABLE_CODE = YES;
				CLANG_WARN__DUPLICATE_METHOD_MATCH = YES;
				COPY_PHASE_STRIP = NO;
				DEBUG_INFORMATION_FORMAT = dwarf;
				ENABLE_STRICT_OBJC_MSGSEND = YES;
				ENABLE_TESTABILITY = YES;
				GCC_C_LANGUAGE_STANDARD = gnu11;
				GCC_DYNAMIC_NO_PIC = NO;
				GCC_NO_COMMON_BLOCKS = YES;
				GCC_OPTIMIZATION_LEVEL = 0;
				GCC_PREPROCESSOR_DEFINITIONS = (
					"DEBUG=1",
					"$(inherited)",
				);
				GCC_WARN_64_TO_32_BIT_CONVERSION = YES;
				GCC_WARN_ABOUT_RETURN_TYPE = YES_ERROR;
				GCC_WARN_UNDECLARED_SELECTOR = YES;
				GCC_WARN_UNINITIALIZED_AUTOS = YES_AGGRESSIVE;
				GCC_WARN_UNUSED_FUNCTION = YES;
				GCC_WARN_UNUSED_VARIABLE = YES;
				IPHONEOS_DEPLOYMENT_TARGET = 13.6;
				MTL_ENABLE_DEBUG_INFO = INCLUDE_SOURCE;
				MTL_FAST_MATH = YES;
				ONLY_ACTIVE_ARCH = YES;
				SDKROOT = iphoneos;
				SWIFT_ACTIVE_COMPILATION_CONDITIONS = DEBUG;
				SWIFT_OPTIMIZATION_LEVEL = "-Onone";
			};
			name = Debug;
		};
		6435866224EAD05800A1884B /* Release */ = {
			isa = XCBuildConfiguration;
			buildSettings = {
				ALWAYS_SEARCH_USER_PATHS = NO;
				CLANG_ANALYZER_NONNULL = YES;
				CLANG_ANALYZER_NUMBER_OBJECT_CONVERSION = YES_AGGRESSIVE;
				CLANG_CXX_LANGUAGE_STANDARD = "gnu++14";
				CLANG_CXX_LIBRARY = "libc++";
				CLANG_ENABLE_MODULES = YES;
				CLANG_ENABLE_OBJC_ARC = YES;
				CLANG_ENABLE_OBJC_WEAK = YES;
				CLANG_WARN_BLOCK_CAPTURE_AUTORELEASING = YES;
				CLANG_WARN_BOOL_CONVERSION = YES;
				CLANG_WARN_COMMA = YES;
				CLANG_WARN_CONSTANT_CONVERSION = YES;
				CLANG_WARN_DEPRECATED_OBJC_IMPLEMENTATIONS = YES;
				CLANG_WARN_DIRECT_OBJC_ISA_USAGE = YES_ERROR;
				CLANG_WARN_DOCUMENTATION_COMMENTS = YES;
				CLANG_WARN_EMPTY_BODY = YES;
				CLANG_WARN_ENUM_CONVERSION = YES;
				CLANG_WARN_INFINITE_RECURSION = YES;
				CLANG_WARN_INT_CONVERSION = YES;
				CLANG_WARN_NON_LITERAL_NULL_CONVERSION = YES;
				CLANG_WARN_OBJC_IMPLICIT_RETAIN_SELF = YES;
				CLANG_WARN_OBJC_LITERAL_CONVERSION = YES;
				CLANG_WARN_OBJC_ROOT_CLASS = YES_ERROR;
				CLANG_WARN_RANGE_LOOP_ANALYSIS = YES;
				CLANG_WARN_STRICT_PROTOTYPES = YES;
				CLANG_WARN_SUSPICIOUS_MOVE = YES;
				CLANG_WARN_UNGUARDED_AVAILABILITY = YES_AGGRESSIVE;
				CLANG_WARN_UNREACHABLE_CODE = YES;
				CLANG_WARN__DUPLICATE_METHOD_MATCH = YES;
				COPY_PHASE_STRIP = NO;
				DEBUG_INFORMATION_FORMAT = "dwarf-with-dsym";
				ENABLE_NS_ASSERTIONS = NO;
				ENABLE_STRICT_OBJC_MSGSEND = YES;
				GCC_C_LANGUAGE_STANDARD = gnu11;
				GCC_NO_COMMON_BLOCKS = YES;
				GCC_WARN_64_TO_32_BIT_CONVERSION = YES;
				GCC_WARN_ABOUT_RETURN_TYPE = YES_ERROR;
				GCC_WARN_UNDECLARED_SELECTOR = YES;
				GCC_WARN_UNINITIALIZED_AUTOS = YES_AGGRESSIVE;
				GCC_WARN_UNUSED_FUNCTION = YES;
				GCC_WARN_UNUSED_VARIABLE = YES;
				IPHONEOS_DEPLOYMENT_TARGET = 13.6;
				MTL_ENABLE_DEBUG_INFO = NO;
				MTL_FAST_MATH = YES;
				SDKROOT = iphoneos;
				SWIFT_COMPILATION_MODE = wholemodule;
				SWIFT_OPTIMIZATION_LEVEL = "-O";
				VALIDATE_PRODUCT = YES;
			};
			name = Release;
		};
		6435866424EAD05800A1884B /* Debug */ = {
			isa = XCBuildConfiguration;
			buildSettings = {
				ASSETCATALOG_COMPILER_APPICON_NAME = AppIcon;
				CODE_SIGN_STYLE = Automatic;
				DEVELOPMENT_ASSET_PATHS = "\"WalletAppExploration/Preview Content\"";
				ENABLE_PREVIEWS = YES;
				INFOPLIST_FILE = WalletAppExploration/Info.plist;
				LD_RUNPATH_SEARCH_PATHS = (
					"$(inherited)",
					"@executable_path/Frameworks",
				);
				PRODUCT_BUNDLE_IDENTIFIER = io.github.rphlfc.WalletAppExploration;
				PRODUCT_NAME = "$(TARGET_NAME)";
				SWIFT_VERSION = 5.0;
				TARGETED_DEVICE_FAMILY = "1,2";
			};
			name = Debug;
		};
		6435866524EAD05800A1884B /* Release */ = {
			isa = XCBuildConfiguration;
			buildSettings = {
				ASSETCATALOG_COMPILER_APPICON_NAME = AppIcon;
				CODE_SIGN_STYLE = Automatic;
				DEVELOPMENT_ASSET_PATHS = "\"WalletAppExploration/Preview Content\"";
				ENABLE_PREVIEWS = YES;
				INFOPLIST_FILE = WalletAppExploration/Info.plist;
				LD_RUNPATH_SEARCH_PATHS = (
					"$(inherited)",
					"@executable_path/Frameworks",
				);
				PRODUCT_BUNDLE_IDENTIFIER = io.github.rphlfc.WalletAppExploration;
				PRODUCT_NAME = "$(TARGET_NAME)";
				SWIFT_VERSION = 5.0;
				TARGETED_DEVICE_FAMILY = "1,2";
			};
			name = Release;
		};
/* End XCBuildConfiguration section */

/* Begin XCConfigurationList section */
		6435864A24EAD05700A1884B /* Build configuration list for PBXProject "WalletAppExploration" */ = {
			isa = XCConfigurationList;
			buildConfigurations = (
				6435866124EAD05800A1884B /* Debug */,
				6435866224EAD05800A1884B /* Release */,
			);
			defaultConfigurationIsVisible = 0;
			defaultConfigurationName = Release;
		};
		6435866324EAD05800A1884B /* Build configuration list for PBXNativeTarget "WalletAppExploration" */ = {
			isa = XCConfigurationList;
			buildConfigurations = (
				6435866424EAD05800A1884B /* Debug */,
				6435866524EAD05800A1884B /* Release */,
			);
			defaultConfigurationIsVisible = 0;
			defaultConfigurationName = Release;
		};
/* End XCConfigurationList section */
	};
	rootObject = 6435864724EAD05700A1884B /* Project object */;
}
